
Microsoft Visual Studio Solution File, Format Version 12.00
# Visual Studio 15
VisualStudioVersion = 15.0.28307.421
MinimumVisualStudioVersion = 10.0.40219.1
Project("{FAE04EC0-301F-11D3-BF4B-00C04F79EFBC}") = "linkedinsayfam", "linkedinsayfam\linkedinsayfam.csproj", "{A78424A7-2130-43E2-BF03-6D2099036112}"
EndProject
Global
	GlobalSection(SolutionConfigurationPlatforms) = preSolution
		Debug|Any CPU = Debug|Any CPU
		Release|Any CPU = Release|Any CPU
	EndGlobalSection
	GlobalSection(ProjectConfigurationPlatforms) = postSolution
		{A78424A7-2130-43E2-BF03-6D2099036112}.Debug|Any CPU.ActiveCfg = Debug|Any CPU
		{A78424A7-2130-43E2-BF03-6D2099036112}.Debug|Any CPU.Build.0 = Debug|Any CPU
		{A78424A7-2130-43E2-BF03-6D2099036112}.Release|Any CPU.ActiveCfg = Release|Any CPU
		{A78424A7-2130-43E2-BF03-6D2099036112}.Release|Any CPU.Build.0 = Release|Any CPU
	EndGlobalSection
	GlobalSection(SolutionProperties) = preSolution
		HideSolutionNode = FALSE
	EndGlobalSection
	GlobalSection(ExtensibilityGlobals) = postSolution
		SolutionGuid = {1B4C80DE-80F0-405B-96B5-250D5C43AFB1}
	EndGlobalSection
EndGlobal
